
Microsoft Visual Studio Solution File, Format Version 12.00
# Visual Studio Version 16
VisualStudioVersion = 16.0.31702.278
MinimumVisualStudioVersion = 10.0.40219.1
Project("{9A19103F-16F7-4668-BE54-9A1E7A4F7556}") = "UIAssignmentRazorPages", "UIAssignmentRazorPages.csproj", "{2CE39F54-2037-4FA2-A3B7-75D7E4E56B0F}"
EndProject
Global
	GlobalSection(SolutionConfigurationPlatforms) = preSolution
		Debug|Any CPU = Debug|Any CPU
		Release|Any CPU = Release|Any CPU
	EndGlobalSection
	GlobalSection(ProjectConfigurationPlatforms) = postSolution
		{2CE39F54-2037-4FA2-A3B7-75D7E4E56B0F}.Debug|Any CPU.ActiveCfg = Debug|Any CPU
		{2CE39F54-2037-4FA2-A3B7-75D7E4E56B0F}.Debug|Any CPU.Build.0 = Debug|Any CPU
		{2CE39F54-2037-4FA2-A3B7-75D7E4E56B0F}.Release|Any CPU.ActiveCfg = Release|Any CPU
		{2CE39F54-2037-4FA2-A3B7-75D7E4E56B0F}.Release|Any CPU.Build.0 = Release|Any CPU
	EndGlobalSection
	GlobalSection(SolutionProperties) = preSolution
		HideSolutionNode = FALSE
	EndGlobalSection
	GlobalSection(ExtensibilityGlobals) = postSolution
		SolutionGuid = {578A7C6A-0074-4ECC-BF92-B8F9DA48AD0C}
	EndGlobalSection
EndGlobal
