
Microsoft Visual Studio Solution File, Format Version 12.00
# Visual Studio Version 16
VisualStudioVersion = 16.0.31702.278
MinimumVisualStudioVersion = 10.0.40219.1
Project("{FAE04EC0-301F-11D3-BF4B-00C04F79EFBC}") = "BAIS3150CoreWebAppDemo", "BAIS3150CoreWebAppDemo.csproj", "{295830F2-DCA6-45E2-84C3-C5BE08BAB34D}"
EndProject
Global
	GlobalSection(SolutionConfigurationPlatforms) = preSolution
		Debug|Any CPU = Debug|Any CPU
		Release|Any CPU = Release|Any CPU
	EndGlobalSection
	GlobalSection(ProjectConfigurationPlatforms) = postSolution
		{295830F2-DCA6-45E2-84C3-C5BE08BAB34D}.Debug|Any CPU.ActiveCfg = Debug|Any CPU
		{295830F2-DCA6-45E2-84C3-C5BE08BAB34D}.Debug|Any CPU.Build.0 = Debug|Any CPU
		{295830F2-DCA6-45E2-84C3-C5BE08BAB34D}.Release|Any CPU.ActiveCfg = Release|Any CPU
		{295830F2-DCA6-45E2-84C3-C5BE08BAB34D}.Release|Any CPU.Build.0 = Release|Any CPU
	EndGlobalSection
	GlobalSection(SolutionProperties) = preSolution
		HideSolutionNode = FALSE
	EndGlobalSection
	GlobalSection(ExtensibilityGlobals) = postSolution
		SolutionGuid = {16D24EF4-2F21-4A53-B5D4-79A46ACC0ABA}
	EndGlobalSection
EndGlobal
